
Microsoft Visual Studio Solution File, Format Version 12.00
# Visual Studio 15
VisualStudioVersion = 15.0.28010.2036
MinimumVisualStudioVersion = 10.0.40219.1
Project("{8BC9CEB8-8B4A-11D0-8D11-00A0C91BC942}") = "DFT", "DFT\DFT.vcxproj", "{86396B6E-4E21-421E-A0E4-64BEB61B66EA}"
EndProject
Global
	GlobalSection(SolutionConfigurationPlatforms) = preSolution
		Debug|x64 = Debug|x64
		Debug|x86 = Debug|x86
		Release|x64 = Release|x64
		Release|x86 = Release|x86
	EndGlobalSection
	GlobalSection(ProjectConfigurationPlatforms) = postSolution
		{86396B6E-4E21-421E-A0E4-64BEB61B66EA}.Debug|x64.ActiveCfg = Debug|x64
		{86396B6E-4E21-421E-A0E4-64BEB61B66EA}.Debug|x64.Build.0 = Debug|x64
		{86396B6E-4E21-421E-A0E4-64BEB61B66EA}.Debug|x86.ActiveCfg = Debug|Win32
		{86396B6E-4E21-421E-A0E4-64BEB61B66EA}.Debug|x86.Build.0 = Debug|Win32
		{86396B6E-4E21-421E-A0E4-64BEB61B66EA}.Release|x64.ActiveCfg = Release|x64
		{86396B6E-4E21-421E-A0E4-64BEB61B66EA}.Release|x64.Build.0 = Release|x64
		{86396B6E-4E21-421E-A0E4-64BEB61B66EA}.Release|x86.ActiveCfg = Release|Win32
		{86396B6E-4E21-421E-A0E4-64BEB61B66EA}.Release|x86.Build.0 = Release|Win32
	EndGlobalSection
	GlobalSection(SolutionProperties) = preSolution
		HideSolutionNode = FALSE
	EndGlobalSection
	GlobalSection(ExtensibilityGlobals) = postSolution
		SolutionGuid = {1807B738-9E8C-4F20-918C-D945F453B4D0}
	EndGlobalSection
EndGlobal
